
Microsoft Visual Studio Solution File, Format Version 10.00
# Visual Studio 2008
Project("{8BC9CEB8-8B4A-11D0-8D11-00A0C91BC942}") = "Phasor", "Phasor\Phasor.vcproj", "{B38A0AE6-766D-49E8-A02E-664D9964732B}"
	ProjectSection(ProjectDependencies) = postProject
		{2DA66961-B9EB-4D8C-B513-BC8BD4A6E1C6} = {2DA66961-B9EB-4D8C-B513-BC8BD4A6E1C6}
		{D046777A-FCD9-49D8-8652-5F2E47D2E543} = {D046777A-FCD9-49D8-8652-5F2E47D2E543}
		{87EE9DA4-DE1E-4448-8324-183C98DCA588} = {87EE9DA4-DE1E-4448-8324-183C98DCA588}
		{01D3C1B1-18EF-4722-9D1D-4113838AD402} = {01D3C1B1-18EF-4722-9D1D-4113838AD402}
	EndProjectSection
EndProject
Project("{8BC9CEB8-8B4A-11D0-8D11-00A0C91BC942}") = "lua5.14", "lua5.14\lua5.14.vcproj", "{D046777A-FCD9-49D8-8652-5F2E47D2E543}"
EndProject
Project("{8BC9CEB8-8B4A-11D0-8D11-00A0C91BC942}") = "sqlite", "sqlite\sqlite.vcproj", "{2DA66961-B9EB-4D8C-B513-BC8BD4A6E1C6}"
EndProject
Project("{8BC9CEB8-8B4A-11D0-8D11-00A0C91BC942}") = "lsqlite3", "lsqlite\lsqlite.vcproj", "{01D3C1B1-18EF-4722-9D1D-4113838AD402}"
EndProject
Project("{8BC9CEB8-8B4A-11D0-8D11-00A0C91BC942}") = "libcurl", "libcurl\libcurl.vcproj", "{87EE9DA4-DE1E-4448-8324-183C98DCA588}"
EndProject
Project("{8BC9CEB8-8B4A-11D0-8D11-00A0C91BC942}") = "AliasConversion", "AliasConversion\AliasConversion.vcproj", "{CB0D41C0-3CAD-42F8-804C-F2F558975046}"
	ProjectSection(ProjectDependencies) = postProject
		{2DA66961-B9EB-4D8C-B513-BC8BD4A6E1C6} = {2DA66961-B9EB-4D8C-B513-BC8BD4A6E1C6}
	EndProjectSection
EndProject
Project("{8BC9CEB8-8B4A-11D0-8D11-00A0C91BC942}") = "PhasorCE", "PhasorCE\PhasorCE.vcproj", "{BD60AA69-80F8-4756-9F2C-B699A7AD5E74}"
	ProjectSection(ProjectDependencies) = postProject
		{2DA66961-B9EB-4D8C-B513-BC8BD4A6E1C6} = {2DA66961-B9EB-4D8C-B513-BC8BD4A6E1C6}
		{D046777A-FCD9-49D8-8652-5F2E47D2E543} = {D046777A-FCD9-49D8-8652-5F2E47D2E543}
		{87EE9DA4-DE1E-4448-8324-183C98DCA588} = {87EE9DA4-DE1E-4448-8324-183C98DCA588}
		{01D3C1B1-18EF-4722-9D1D-4113838AD402} = {01D3C1B1-18EF-4722-9D1D-4113838AD402}
	EndProjectSection
EndProject
Project("{8BC9CEB8-8B4A-11D0-8D11-00A0C91BC942}") = "strings", "strings\strings.vcproj", "{84C53210-BCDC-4527-AD46-714584266066}"
EndProject
Global
	GlobalSection(SolutionConfigurationPlatforms) = preSolution
		Debug|Win32 = Debug|Win32
		Release|Win32 = Release|Win32
	EndGlobalSection
	GlobalSection(ProjectConfigurationPlatforms) = postSolution
		{B38A0AE6-766D-49E8-A02E-664D9964732B}.Debug|Win32.ActiveCfg = Debug|Win32
		{B38A0AE6-766D-49E8-A02E-664D9964732B}.Debug|Win32.Build.0 = Debug|Win32
		{B38A0AE6-766D-49E8-A02E-664D9964732B}.Release|Win32.ActiveCfg = Release|Win32
		{B38A0AE6-766D-49E8-A02E-664D9964732B}.Release|Win32.Build.0 = Release|Win32
		{D046777A-FCD9-49D8-8652-5F2E47D2E543}.Debug|Win32.ActiveCfg = Debug|Win32
		{D046777A-FCD9-49D8-8652-5F2E47D2E543}.Debug|Win32.Build.0 = Debug|Win32
		{D046777A-FCD9-49D8-8652-5F2E47D2E543}.Release|Win32.ActiveCfg = Release|Win32
		{D046777A-FCD9-49D8-8652-5F2E47D2E543}.Release|Win32.Build.0 = Release|Win32
		{2DA66961-B9EB-4D8C-B513-BC8BD4A6E1C6}.Debug|Win32.ActiveCfg = Debug|Win32
		{2DA66961-B9EB-4D8C-B513-BC8BD4A6E1C6}.Debug|Win32.Build.0 = Debug|Win32
		{2DA66961-B9EB-4D8C-B513-BC8BD4A6E1C6}.Release|Win32.ActiveCfg = Release|Win32
		{2DA66961-B9EB-4D8C-B513-BC8BD4A6E1C6}.Release|Win32.Build.0 = Release|Win32
		{01D3C1B1-18EF-4722-9D1D-4113838AD402}.Debug|Win32.ActiveCfg = Debug|Win32
		{01D3C1B1-18EF-4722-9D1D-4113838AD402}.Debug|Win32.Build.0 = Debug|Win32
		{01D3C1B1-18EF-4722-9D1D-4113838AD402}.Release|Win32.ActiveCfg = Release|Win32
		{01D3C1B1-18EF-4722-9D1D-4113838AD402}.Release|Win32.Build.0 = Release|Win32
		{87EE9DA4-DE1E-4448-8324-183C98DCA588}.Debug|Win32.ActiveCfg = Debug|Win32
		{87EE9DA4-DE1E-4448-8324-183C98DCA588}.Debug|Win32.Build.0 = Debug|Win32
		{87EE9DA4-DE1E-4448-8324-183C98DCA588}.Release|Win32.ActiveCfg = Release|Win32
		{87EE9DA4-DE1E-4448-8324-183C98DCA588}.Release|Win32.Build.0 = Release|Win32
		{CB0D41C0-3CAD-42F8-804C-F2F558975046}.Debug|Win32.ActiveCfg = Debug|Win32
		{CB0D41C0-3CAD-42F8-804C-F2F558975046}.Debug|Win32.Build.0 = Debug|Win32
		{CB0D41C0-3CAD-42F8-804C-F2F558975046}.Release|Win32.ActiveCfg = Release|Win32
		{CB0D41C0-3CAD-42F8-804C-F2F558975046}.Release|Win32.Build.0 = Release|Win32
		{BD60AA69-80F8-4756-9F2C-B699A7AD5E74}.Debug|Win32.ActiveCfg = Debug|Win32
		{BD60AA69-80F8-4756-9F2C-B699A7AD5E74}.Debug|Win32.Build.0 = Debug|Win32
		{BD60AA69-80F8-4756-9F2C-B699A7AD5E74}.Release|Win32.ActiveCfg = Release|Win32
		{BD60AA69-80F8-4756-9F2C-B699A7AD5E74}.Release|Win32.Build.0 = Release|Win32
		{84C53210-BCDC-4527-AD46-714584266066}.Debug|Win32.ActiveCfg = Debug|Win32
		{84C53210-BCDC-4527-AD46-714584266066}.Debug|Win32.Build.0 = Debug|Win32
		{84C53210-BCDC-4527-AD46-714584266066}.Release|Win32.ActiveCfg = Release|Win32
		{84C53210-BCDC-4527-AD46-714584266066}.Release|Win32.Build.0 = Release|Win32
	EndGlobalSection
	GlobalSection(SolutionProperties) = preSolution
		HideSolutionNode = FALSE
	EndGlobalSection
EndGlobal
